
Microsoft Visual Studio Solution File, Format Version 12.00
# Visual Studio Version 17
VisualStudioVersion = 17.10.34916.146
MinimumVisualStudioVersion = 10.0.40219.1
Project("{FAE04EC0-301F-11D3-BF4B-00C04F79EFBC}") = "RoadsideService", "RoadsideService\RoadsideService.csproj", "{2D920A99-9100-404D-A77E-5C4B757EC522}"
EndProject
Global
	GlobalSection(SolutionConfigurationPlatforms) = preSolution
		Debug|Any CPU = Debug|Any CPU
		Release|Any CPU = Release|Any CPU
	EndGlobalSection
	GlobalSection(ProjectConfigurationPlatforms) = postSolution
		{2D920A99-9100-404D-A77E-5C4B757EC522}.Debug|Any CPU.ActiveCfg = Debug|Any CPU
		{2D920A99-9100-404D-A77E-5C4B757EC522}.Debug|Any CPU.Build.0 = Debug|Any CPU
		{2D920A99-9100-404D-A77E-5C4B757EC522}.Release|Any CPU.ActiveCfg = Release|Any CPU
		{2D920A99-9100-404D-A77E-5C4B757EC522}.Release|Any CPU.Build.0 = Release|Any CPU
	EndGlobalSection
	GlobalSection(SolutionProperties) = preSolution
		HideSolutionNode = FALSE
	EndGlobalSection
	GlobalSection(ExtensibilityGlobals) = postSolution
		SolutionGuid = {08282A09-31BD-461C-8F42-A552A9FB0D08}
	EndGlobalSection
EndGlobal
